
Microsoft Visual Studio Solution File, Format Version 12.00
# Visual Studio Version 17
VisualStudioVersion = 17.8.34525.116
MinimumVisualStudioVersion = 10.0.40219.1
Project("{FAE04EC0-301F-11D3-BF4B-00C04F79EFBC}") = "JwwClipMonitor", "JwwClipMonitor\JwwClipMonitor.csproj", "{B95C1B4E-C4E6-4FA2-B45A-0D11B58E85F9}"
EndProject
Global
	GlobalSection(SolutionConfigurationPlatforms) = preSolution
		Debug|Any CPU = Debug|Any CPU
		Debug|x86 = Debug|x86
		Release|Any CPU = Release|Any CPU
		Release|x86 = Release|x86
	EndGlobalSection
	GlobalSection(ProjectConfigurationPlatforms) = postSolution
		{B95C1B4E-C4E6-4FA2-B45A-0D11B58E85F9}.Debug|Any CPU.ActiveCfg = Debug|Any CPU
		{B95C1B4E-C4E6-4FA2-B45A-0D11B58E85F9}.Debug|Any CPU.Build.0 = Debug|Any CPU
		{B95C1B4E-C4E6-4FA2-B45A-0D11B58E85F9}.Debug|x86.ActiveCfg = Debug|x86
		{B95C1B4E-C4E6-4FA2-B45A-0D11B58E85F9}.Debug|x86.Build.0 = Debug|x86
		{B95C1B4E-C4E6-4FA2-B45A-0D11B58E85F9}.Release|Any CPU.ActiveCfg = Release|Any CPU
		{B95C1B4E-C4E6-4FA2-B45A-0D11B58E85F9}.Release|Any CPU.Build.0 = Release|Any CPU
		{B95C1B4E-C4E6-4FA2-B45A-0D11B58E85F9}.Release|x86.ActiveCfg = Release|x86
		{B95C1B4E-C4E6-4FA2-B45A-0D11B58E85F9}.Release|x86.Build.0 = Release|x86
	EndGlobalSection
	GlobalSection(SolutionProperties) = preSolution
		HideSolutionNode = FALSE
	EndGlobalSection
	GlobalSection(ExtensibilityGlobals) = postSolution
		SolutionGuid = {F8E52BDE-3B15-4C72-AC12-FE49A50F78FD}
	EndGlobalSection
EndGlobal
